// !$*UTF8*$!
{
	archiveVersion = 1;
	classes = {
	};
	objectVersion = 46;
	objects = {

/* Begin PBXBuildFile section */
		389D561B1DC0A1F800F7A145 /* AppDelegate.swift in Sources */ = {isa = PBXBuildFile; fileRef = 389D561A1DC0A1F800F7A145 /* AppDelegate.swift */; };
		389D561D1DC0A1F800F7A145 /* MasterViewController.swift in Sources */ = {isa = PBXBuildFile; fileRef = 389D561C1DC0A1F800F7A145 /* MasterViewController.swift */; };
		389D561F1DC0A1F800F7A145 /* DetailViewController.swift in Sources */ = {isa = PBXBuildFile; fileRef = 389D561E1DC0A1F800F7A145 /* DetailViewController.swift */; };
		389D56221DC0A1F800F7A145 /* Main.storyboard in Resources */ = {isa = PBXBuildFile; fileRef = 389D56201DC0A1F800F7A145 /* Main.storyboard */; };
		389D56241DC0A1F800F7A145 /* Assets.xcassets in Resources */ = {isa = PBXBuildFile; fileRef = 389D56231DC0A1F800F7A145 /* Assets.xcassets */; };
		389D56271DC0A1F800F7A145 /* LaunchScreen.storyboard in Resources */ = {isa = PBXBuildFile; fileRef = 389D56251DC0A1F800F7A145 /* LaunchScreen.storyboard */; };
/* End PBXBuildFile section */

/* Begin PBXFileReference section */
		389D56171DC0A1F800F7A145 /* HelloZoo.app */ = {isa = PBXFileReference; explicitFileType = wrapper.application; includeInIndex = 0; path = HelloZoo.app; sourceTree = BUILT_PRODUCTS_DIR; };
		389D561A1DC0A1F800F7A145 /* AppDelegate.swift */ = {isa = PBXFileReference; lastKnownFileType = sourcecode.swift; path = AppDelegate.swift; sourceTree = "<group>"; };
		389D561C1DC0A1F800F7A145 /* MasterViewController.swift */ = {isa = PBXFileReference; lastKnownFileType = sourcecode.swift; path = MasterViewController.swift; sourceTree = "<group>"; };
		389D561E1DC0A1F800F7A145 /* DetailViewController.swift */ = {isa = PBXFileReference; lastKnownFileType = sourcecode.swift; path = DetailViewController.swift; sourceTree = "<group>"; };
		389D56211DC0A1F800F7A145 /* Base */ = {isa = PBXFileReference; lastKnownFileType = file.storyboard; name = Base; path = Base.lproj/Main.storyboard; sourceTree = "<group>"; };
		389D56231DC0A1F800F7A145 /* Assets.xcassets */ = {isa = PBXFileReference; lastKnownFileType = folder.assetcatalog; path = Assets.xcassets; sourceTree = "<group>"; };
		389D56261DC0A1F800F7A145 /* Base */ = {isa = PBXFileReference; lastKnownFileType = file.storyboard; name = Base; path = Base.lproj/LaunchScreen.storyboard; sourceTree = "<group>"; };
		389D56281DC0A1F900F7A145 /* Info.plist */ = {isa = PBXFileReference; lastKnownFileType = text.plist.xml; path = Info.plist; sourceTree = "<group>"; };
/* End PBXFileReference section */

/* Begin PBXFrameworksBuildPhase section */
		389D56141DC0A1F800F7A145 /* Frameworks */ = {
			isa = PBXFrameworksBuildPhase;
			buildActionMask = 2147483647;
			files = (
			);
			runOnlyForDeploymentPostprocessing = 0;
		};
/* End PBXFrameworksBuildPhase section */

/* Begin PBXGroup section */
		389D560E1DC0A1F800F7A145 = {
			isa = PBXGroup;
			children = (
				389D56191DC0A1F800F7A145 /* HelloZoo */,
				389D56181DC0A1F800F7A145 /* Products */,
			);
			sourceTree = "<group>";
		};
		389D56181DC0A1F800F7A145 /* Products */ = {
			isa = PBXGroup;
			children = (
				389D56171DC0A1F800F7A145 /* HelloZoo.app */,
			);
			name = Products;
			sourceTree = "<group>";
		};
		389D56191DC0A1F800F7A145 /* HelloZoo */ = {
			isa = PBXGroup;
			children = (
				389D561A1DC0A1F800F7A145 /* AppDelegate.swift */,
				389D561C1DC0A1F800F7A145 /* MasterViewController.swift */,
				389D561E1DC0A1F800F7A145 /* DetailViewController.swift */,
				389D56201DC0A1F800F7A145 /* Main.storyboard */,
				389D56231DC0A1F800F7A145 /* Assets.xcassets */,
				389D56251DC0A1F800F7A145 /* LaunchScreen.storyboard */,
				389D56281DC0A1F900F7A145 /* Info.plist */,
			);
			path = HelloZoo;
			sourceTree = "<group>";
		};
/* End PBXGroup section */

/* Begin PBXNativeTarget section */
		389D56161DC0A1F800F7A145 /* HelloZoo */ = {
			isa = PBXNativeTarget;
			buildConfigurationList = 389D562B1DC0A1F900F7A145 /* Build configuration list for PBXNativeTarget "HelloZoo" */;
			buildPhases = (
				389D56131DC0A1F800F7A145 /* Sources */,
				389D56141DC0A1F800F7A145 /* Frameworks */,
				389D56151DC0A1F800F7A145 /* Resources */,
			);
			buildRules = (
			);
			dependencies = (
			);
			name = HelloZoo;
			productName = HelloZoo;
			productReference = 389D56171DC0A1F800F7A145 /* HelloZoo.app */;
			productType = "com.apple.product-type.application";
		};
/* End PBXNativeTarget section */

/* Begin PBXProject section */
		389D560F1DC0A1F800F7A145 /* Project object */ = {
			isa = PBXProject;
			attributes = {
				LastSwiftUpdateCheck = 0800;
				LastUpgradeCheck = 0800;
				ORGANIZATIONNAME = PeterChen;
				TargetAttributes = {
					389D56161DC0A1F800F7A145 = {
						CreatedOnToolsVersion = 8.0;
						ProvisioningStyle = Automatic;
					};
				};
			};
			buildConfigurationList = 389D56121DC0A1F800F7A145 /* Build configuration list for PBXProject "HelloZoo" */;
			compatibilityVersion = "Xcode 3.2";
			developmentRegion = English;
			hasScannedForEncodings = 0;
			knownRegions = (
				en,
				Base,
			);
			mainGroup = 389D560E1DC0A1F800F7A145;
			productRefGroup = 389D56181DC0A1F800F7A145 /* Products */;
			projectDirPath = "";
			projectRoot = "";
			targets = (
				389D56161DC0A1F800F7A145 /* HelloZoo */,
			);
		};
/* End PBXProject section */

/* Begin PBXResourcesBuildPhase section */
		389D56151DC0A1F800F7A145 /* Resources */ = {
			isa = PBXResourcesBuildPhase;
			buildActionMask = 2147483647;
			files = (
				389D56271DC0A1F800F7A145 /* LaunchScreen.storyboard in Resources */,
				389D56241DC0A1F800F7A145 /* Assets.xcassets in Resources */,
				389D56221DC0A1F800F7A145 /* Main.storyboard in Resources */,
			);
			runOnlyForDeploymentPostprocessing = 0;
		};
/* End PBXResourcesBuildPhase section */

/* Begin PBXSourcesBuildPhase section */
		389D56131DC0A1F800F7A145 /* Sources */ = {
			isa = PBXSourcesBuildPhase;
			buildActionMask = 2147483647;
			files = (
				389D561F1DC0A1F800F7A145 /* DetailViewController.swift in Sources */,
				389D561D1DC0A1F800F7A145 /* MasterViewController.swift in Sources */,
				389D561B1DC0A1F800F7A145 /* AppDelegate.swift in Sources */,
			);
			runOnlyForDeploymentPostprocessing = 0;
		};
/* End PBXSourcesBuildPhase section */

/* Begin PBXVariantGroup section */
		389D56201DC0A1F800F7A145 /* Main.storyboard */ = {
			isa = PBXVariantGroup;
			children = (
				389D56211DC0A1F800F7A145 /* Base */,
			);
			name = Main.storyboard;
			sourceTree = "<group>";
		};
		389D56251DC0A1F800F7A145 /* LaunchScreen.storyboard */ = {
			isa = PBXVariantGroup;
			children = (
				389D56261DC0A1F800F7A145 /* Base */,
			);
			name = LaunchScreen.storyboard;
			sourceTree = "<group>";
		};
/* End PBXVariantGroup section */

/* Begin XCBuildConfiguration section */
		389D56291DC0A1F900F7A145 /* Debug */ = {
			isa = XCBuildConfiguration;
			buildSettings = {
				ALWAYS_SEARCH_USER_PATHS = NO;
				CLANG_ANALYZER_NONNULL = YES;
				CLANG_CXX_LANGUAGE_STANDARD = "gnu++0x";
				CLANG_CXX_LIBRARY = "libc++";
				CLANG_ENABLE_MODULES = YES;
				CLANG_ENABLE_OBJC_ARC = YES;
				CLANG_WARN_BOOL_CONVERSION = YES;
				CLANG_WARN_CONSTANT_CONVERSION = YES;
				CLANG_WARN_DIRECT_OBJC_ISA_USAGE = YES_ERROR;
				CLANG_WARN_DOCUMENTATION_COMMENTS = YES;
				CLANG_WARN_EMPTY_BODY = YES;
				CLANG_WARN_ENUM_CONVERSION = YES;
				CLANG_WARN_INFINITE_RECURSION = YES;
				CLANG_WARN_INT_CONVERSION = YES;
				CLANG_WARN_OBJC_ROOT_CLASS = YES_ERROR;
				CLANG_WARN_SUSPICIOUS_MOVES = YES;
				CLANG_WARN_UNREACHABLE_CODE = YES;
				CLANG_WARN__DUPLICATE_METHOD_MATCH = YES;
				"CODE_SIGN_IDENTITY[sdk=iphoneos*]" = "iPhone Developer";
				COPY_PHASE_STRIP = NO;
				DEBUG_INFORMATION_FORMAT = dwarf;
				ENABLE_STRICT_OBJC_MSGSEND = YES;
				ENABLE_TESTABILITY = YES;
				GCC_C_LANGUAGE_STANDARD = gnu99;
				GCC_DYNAMIC_NO_PIC = NO;
				GCC_NO_COMMON_BLOCKS = YES;
				GCC_OPTIMIZATION_LEVEL = 0;
				GCC_PREPROCESSOR_DEFINITIONS = (
					"DEBUG=1",
					"$(inherited)",
				);
				GCC_WARN_64_TO_32_BIT_CONVERSION = YES;
				GCC_WARN_ABOUT_RETURN_TYPE = YES_ERROR;
				GCC_WARN_UNDECLARED_SELECTOR = YES;
				GCC_WARN_UNINITIALIZED_AUTOS = YES_AGGRESSIVE;
				GCC_WARN_UNUSED_FUNCTION = YES;
				GCC_WARN_UNUSED_VARIABLE = YES;
				IPHONEOS_DEPLOYMENT_TARGET = 10.0;
				MTL_ENABLE_DEBUG_INFO = YES;
				ONLY_ACTIVE_ARCH = YES;
				SDKROOT = iphoneos;
				SWIFT_ACTIVE_COMPILATION_CONDITIONS = DEBUG;
				SWIFT_OPTIMIZATION_LEVEL = "-Onone";
				TARGETED_DEVICE_FAMILY = "1,2";
			};
			name = Debug;
		};
		389D562A1DC0A1F900F7A145 /* Release */ = {
			isa = XCBuildConfiguration;
			buildSettings = {
				ALWAYS_SEARCH_USER_PATHS = NO;
				CLANG_ANALYZER_NONNULL = YES;
				CLANG_CXX_LANGUAGE_STANDARD = "gnu++0x";
				CLANG_CXX_LIBRARY = "libc++";
				CLANG_ENABLE_MODULES = YES;
				CLANG_ENABLE_OBJC_ARC = YES;
				CLANG_WARN_BOOL_CONVERSION = YES;
				CLANG_WARN_CONSTANT_CONVERSION = YES;
				CLANG_WARN_DIRECT_OBJC_ISA_USAGE = YES_ERROR;
				CLANG_WARN_DOCUMENTATION_COMMENTS = YES;
				CLANG_WARN_EMPTY_BODY = YES;
				CLANG_WARN_ENUM_CONVERSION = YES;
				CLANG_WARN_INFINITE_RECURSION = YES;
				CLANG_WARN_INT_CONVERSION = YES;
				CLANG_WARN_OBJC_ROOT_CLASS = YES_ERROR;
				CLANG_WARN_SUSPICIOUS_MOVES = YES;
				CLANG_WARN_UNREACHABLE_CODE = YES;
				CLANG_WARN__DUPLICATE_METHOD_MATCH = YES;
				"CODE_SIGN_IDENTITY[sdk=iphoneos*]" = "iPhone Developer";
				COPY_PHASE_STRIP = NO;
				DEBUG_INFORMATION_FORMAT = "dwarf-with-dsym";
				ENABLE_NS_ASSERTIONS = NO;
				ENABLE_STRICT_OBJC_MSGSEND = YES;
				GCC_C_LANGUAGE_STANDARD = gnu99;
				GCC_NO_COMMON_BLOCKS = YES;
				GCC_WARN_64_TO_32_BIT_CONVERSION = YES;
				GCC_WARN_ABOUT_RETURN_TYPE = YES_ERROR;
				GCC_WARN_UNDECLARED_SELECTOR = YES;
				GCC_WARN_UNINITIALIZED_AUTOS = YES_AGGRESSIVE;
				GCC_WARN_UNUSED_FUNCTION = YES;
				GCC_WARN_UNUSED_VARIABLE = YES;
				IPHONEOS_DEPLOYMENT_TARGET = 10.0;
				MTL_ENABLE_DEBUG_INFO = NO;
				SDKROOT = iphoneos;
				SWIFT_OPTIMIZATION_LEVEL = "-Owholemodule";
				TARGETED_DEVICE_FAMILY = "1,2";
				VALIDATE_PRODUCT = YES;
			};
			name = Release;
		};
		389D562C1DC0A1F900F7A145 /* Debug */ = {
			isa = XCBuildConfiguration;
			buildSettings = {
				ASSETCATALOG_COMPILER_APPICON_NAME = AppIcon;
				INFOPLIST_FILE = HelloZoo/Info.plist;
				LD_RUNPATH_SEARCH_PATHS = "$(inherited) @executable_path/Frameworks";
				PRODUCT_BUNDLE_IDENTIFIER = Peter.HelloZoo;
				PRODUCT_NAME = "$(TARGET_NAME)";
				SWIFT_VERSION = 3.0;
			};
			name = Debug;
		};
		389D562D1DC0A1F900F7A145 /* Release */ = {
			isa = XCBuildConfiguration;
			buildSettings = {
				ASSETCATALOG_COMPILER_APPICON_NAME = AppIcon;
				INFOPLIST_FILE = HelloZoo/Info.plist;
				LD_RUNPATH_SEARCH_PATHS = "$(inherited) @executable_path/Frameworks";
				PRODUCT_BUNDLE_IDENTIFIER = Peter.HelloZoo;
				PRODUCT_NAME = "$(TARGET_NAME)";
				SWIFT_VERSION = 3.0;
			};
			name = Release;
		};
/* End XCBuildConfiguration section */

/* Begin XCConfigurationList section */
		389D56121DC0A1F800F7A145 /* Build configuration list for PBXProject "HelloZoo" */ = {
			isa = XCConfigurationList;
			buildConfigurations = (
				389D56291DC0A1F900F7A145 /* Debug */,
				389D562A1DC0A1F900F7A145 /* Release */,
			);
			defaultConfigurationIsVisible = 0;
			defaultConfigurationName = Release;
		};
		389D562B1DC0A1F900F7A145 /* Build configuration list for PBXNativeTarget "HelloZoo" */ = {
			isa = XCConfigurationList;
			buildConfigurations = (
				389D562C1DC0A1F900F7A145 /* Debug */,
				389D562D1DC0A1F900F7A145 /* Release */,
			);
			defaultConfigurationIsVisible = 0;
		};
/* End XCConfigurationList section */
	};
	rootObject = 389D560F1DC0A1F800F7A145 /* Project object */;
}
